
Microsoft Visual Studio Solution File, Format Version 12.00
# Visual Studio Version 17
VisualStudioVersion = 17.9.34902.65
MinimumVisualStudioVersion = 10.0.40219.1
Project("{FAE04EC0-301F-11D3-BF4B-00C04F79EFBC}") = "BeerSender.Domain", "BeerSender.Domain\BeerSender.Domain.csproj", "{81CECF50-D7E0-49AC-B2C1-2B2332B24CCF}"
EndProject
Project("{FAE04EC0-301F-11D3-BF4B-00C04F79EFBC}") = "BeerSender.Application", "BeerSender.Application\BeerSender.Application.csproj", "{39D7F4FD-2027-421B-92B7-A495BD77AD90}"
EndProject
Project("{FAE04EC0-301F-11D3-BF4B-00C04F79EFBC}") = "BeerSender.Application.Tests", "BeerSender.Application.Tests\BeerSender.Application.Tests.csproj", "{335E8B42-BDD4-4396-B741-BD272BC42BF6}"
EndProject
Project("{FAE04EC0-301F-11D3-BF4B-00C04F79EFBC}") = "BeerSender.API", "BeerSender.API\BeerSender.API.csproj", "{5602D4D4-C927-48EC-8DED-105D7C56A22C}"
EndProject
Project("{FAE04EC0-301F-11D3-BF4B-00C04F79EFBC}") = "BeerSender.Persistence", "BeerSender.Persistence\BeerSender.Persistence.csproj", "{580CC97C-D63C-4BDD-950F-F162E7472408}"
EndProject
Project("{FAE04EC0-301F-11D3-BF4B-00C04F79EFBC}") = "BeerSender.Startup", "BeerSender.Startup\BeerSender.Startup.csproj", "{1423A2A1-E2D6-4A1E-A338-D19F215611DA}"
EndProject
Project("{FAE04EC0-301F-11D3-BF4B-00C04F79EFBC}") = "BeerSender.Infrastructure", "BeerSender.Infrastructure\BeerSender.Infrastructure.csproj", "{D73F23DE-61A6-4AEA-99A6-CB8F8BAEA669}"
EndProject
Global
	GlobalSection(SolutionConfigurationPlatforms) = preSolution
		Debug|Any CPU = Debug|Any CPU
		Release|Any CPU = Release|Any CPU
	EndGlobalSection
	GlobalSection(ProjectConfigurationPlatforms) = postSolution
		{81CECF50-D7E0-49AC-B2C1-2B2332B24CCF}.Debug|Any CPU.ActiveCfg = Debug|Any CPU
		{81CECF50-D7E0-49AC-B2C1-2B2332B24CCF}.Debug|Any CPU.Build.0 = Debug|Any CPU
		{81CECF50-D7E0-49AC-B2C1-2B2332B24CCF}.Release|Any CPU.ActiveCfg = Release|Any CPU
		{81CECF50-D7E0-49AC-B2C1-2B2332B24CCF}.Release|Any CPU.Build.0 = Release|Any CPU
		{39D7F4FD-2027-421B-92B7-A495BD77AD90}.Debug|Any CPU.ActiveCfg = Debug|Any CPU
		{39D7F4FD-2027-421B-92B7-A495BD77AD90}.Debug|Any CPU.Build.0 = Debug|Any CPU
		{39D7F4FD-2027-421B-92B7-A495BD77AD90}.Release|Any CPU.ActiveCfg = Release|Any CPU
		{39D7F4FD-2027-421B-92B7-A495BD77AD90}.Release|Any CPU.Build.0 = Release|Any CPU
		{335E8B42-BDD4-4396-B741-BD272BC42BF6}.Debug|Any CPU.ActiveCfg = Debug|Any CPU
		{335E8B42-BDD4-4396-B741-BD272BC42BF6}.Debug|Any CPU.Build.0 = Debug|Any CPU
		{335E8B42-BDD4-4396-B741-BD272BC42BF6}.Release|Any CPU.ActiveCfg = Release|Any CPU
		{335E8B42-BDD4-4396-B741-BD272BC42BF6}.Release|Any CPU.Build.0 = Release|Any CPU
		{5602D4D4-C927-48EC-8DED-105D7C56A22C}.Debug|Any CPU.ActiveCfg = Debug|Any CPU
		{5602D4D4-C927-48EC-8DED-105D7C56A22C}.Debug|Any CPU.Build.0 = Debug|Any CPU
		{5602D4D4-C927-48EC-8DED-105D7C56A22C}.Release|Any CPU.ActiveCfg = Release|Any CPU
		{5602D4D4-C927-48EC-8DED-105D7C56A22C}.Release|Any CPU.Build.0 = Release|Any CPU
		{580CC97C-D63C-4BDD-950F-F162E7472408}.Debug|Any CPU.ActiveCfg = Debug|Any CPU
		{580CC97C-D63C-4BDD-950F-F162E7472408}.Debug|Any CPU.Build.0 = Debug|Any CPU
		{580CC97C-D63C-4BDD-950F-F162E7472408}.Release|Any CPU.ActiveCfg = Release|Any CPU
		{580CC97C-D63C-4BDD-950F-F162E7472408}.Release|Any CPU.Build.0 = Release|Any CPU
		{1423A2A1-E2D6-4A1E-A338-D19F215611DA}.Debug|Any CPU.ActiveCfg = Debug|Any CPU
		{1423A2A1-E2D6-4A1E-A338-D19F215611DA}.Debug|Any CPU.Build.0 = Debug|Any CPU
		{1423A2A1-E2D6-4A1E-A338-D19F215611DA}.Release|Any CPU.ActiveCfg = Release|Any CPU
		{1423A2A1-E2D6-4A1E-A338-D19F215611DA}.Release|Any CPU.Build.0 = Release|Any CPU
		{D73F23DE-61A6-4AEA-99A6-CB8F8BAEA669}.Debug|Any CPU.ActiveCfg = Debug|Any CPU
		{D73F23DE-61A6-4AEA-99A6-CB8F8BAEA669}.Debug|Any CPU.Build.0 = Debug|Any CPU
		{D73F23DE-61A6-4AEA-99A6-CB8F8BAEA669}.Release|Any CPU.ActiveCfg = Release|Any CPU
		{D73F23DE-61A6-4AEA-99A6-CB8F8BAEA669}.Release|Any CPU.Build.0 = Release|Any CPU
	EndGlobalSection
	GlobalSection(SolutionProperties) = preSolution
		HideSolutionNode = FALSE
	EndGlobalSection
	GlobalSection(ExtensibilityGlobals) = postSolution
		SolutionGuid = {394D0919-31FF-4B26-86E0-1DEDD55D9654}
	EndGlobalSection
EndGlobal
